
Microsoft Visual Studio Solution File, Format Version 12.00
# Visual Studio Version 16
VisualStudioVersion = 16.0.31605.320
MinimumVisualStudioVersion = 10.0.40219.1
Project("{FAE04EC0-301F-11D3-BF4B-00C04F79EFBC}") = "CollectionConsoleApp", "CollectionConsoleApp\CollectionConsoleApp.csproj", "{2B33C0D1-8857-4196-AF92-0F190BB083E8}"
EndProject
Global
	GlobalSection(SolutionConfigurationPlatforms) = preSolution
		Debug|Any CPU = Debug|Any CPU
		Release|Any CPU = Release|Any CPU
	EndGlobalSection
	GlobalSection(ProjectConfigurationPlatforms) = postSolution
		{2B33C0D1-8857-4196-AF92-0F190BB083E8}.Debug|Any CPU.ActiveCfg = Debug|Any CPU
		{2B33C0D1-8857-4196-AF92-0F190BB083E8}.Debug|Any CPU.Build.0 = Debug|Any CPU
		{2B33C0D1-8857-4196-AF92-0F190BB083E8}.Release|Any CPU.ActiveCfg = Release|Any CPU
		{2B33C0D1-8857-4196-AF92-0F190BB083E8}.Release|Any CPU.Build.0 = Release|Any CPU
	EndGlobalSection
	GlobalSection(SolutionProperties) = preSolution
		HideSolutionNode = FALSE
	EndGlobalSection
	GlobalSection(ExtensibilityGlobals) = postSolution
		SolutionGuid = {1A986538-734E-474F-B023-66B729465533}
	EndGlobalSection
EndGlobal
